{
  "dependencies": {
    "eve": {
      "version": "0.5.0",
      "resolved": "https://registry.npmjs.org/eve/-/eve-0.5.0.tgz",
      "from": "eve@0.5.0"
    },
    "raphael": {
      "version": "2.1.4",
      "resolved": "https://registry.npmjs.org/raphael/-/raphael-2.1.4.tgz",
      "from": "raphael@2.1.4",
      "dependencies": {
        "eve": {
          "version": "0.4.1",
          "resolved": "git://github.com/adobe-webplatform/eve.git#eef80ed8d188423c2272746fb8ae5cc8dad84cb1",
          "from": "git://github.com/adobe-webplatform/eve.git#eef80ed8d188423c2272746fb8ae5cc8dad84cb1"
        }
      }
    }
  }
}
